<?xml version="1.0" encoding="utf-8"?>
<Project ToolsVersion="17.0" xmlns="http://schemas.microsoft.com/developer/msbuild/2003">
  <ItemGroup>
    <ClCompile Include="C:\Users\carlo\CLionProjects\CodeRT_Final\Core\Source\Libraries\tinyobjloader-release\tiny_obj_loader.cc">
      <Filter>Source Files</Filter>
    </ClCompile>
  </ItemGroup>
  <ItemGroup>
    <ClInclude Include="C:\Users\carlo\CLionProjects\CodeRT_Final\Core\Source\Libraries\tinyobjloader-release\tiny_obj_loader.h">
      <Filter>Header Files</Filter>
    </ClInclude>
  </ItemGroup>
  <ItemGroup>
    <CustomBuild Include="C:\Users\carlo\CLionProjects\CodeRT_Final\Core\Source\Libraries\tinyobjloader-release\CMakeLists.txt" />
  </ItemGroup>
  <ItemGroup>
    <Filter Include="Header Files">
      <UniqueIdentifier>{DE98AE6F-1BC5-39A9-A656-F957E419A592}</UniqueIdentifier>
    </Filter>
    <Filter Include="Source Files">
      <UniqueIdentifier>{6EF4C01B-51F9-3021-9EBD-6A997564B140}</UniqueIdentifier>
    </Filter>
  </ItemGroup>
</Project>
